hash: 752bbff5731ea1cff368955d9803d09b8dd78be50cd37701148eae33697d6fe9
updated: 2016-07-18T01:13:51.746509747+04:00
imports:
- name: bitbucket.org/ww/goautoneg
  version: ""
- name: github.com/beorn7/perks
  version: ""
  subpackages:
  - quantile
- name: github.com/blang/semver
  version: ""
- name: github.com/davecgh/go-spew
  version: ""
  subpackages:
  - spew
- name: github.com/docker/docker
  version: ""
  subpackages:
  - pkg/jsonmessage
  - pkg/mount
  - pkg/parsers
  - pkg/symlink
  - pkg/term
  - pkg/timeutils
  - pkg/units
- name: github.com/docker/go-units
  version: ""
- name: github.com/emicklei/go-restful
  version: ""
  subpackages:
  - swagger
  - log
- name: github.com/ghodss/yaml
  version: ""
- name: github.com/golang/glog
  version: ""
- name: github.com/golang/protobuf
  version: ""
  subpackages:
  - proto
- name: github.com/google/cadvisor
  version: ""
  subpackages:
  - api
  - cache/memory
  - collector
  - container
  - events
  - fs
  - healthz
  - http
  - info/v1
  - info/v2
  - manager
  - metrics
  - pages
  - storage
  - summary
  - utils
  - validate
  - version
- name: github.com/google/gofuzz
  version: ""
- name: github.com/juju/ratelimit
  version: ""
- name: github.com/matttproud/golang_protobuf_extensions
  version: ""
  subpackages:
  - pbutil
- name: github.com/opencontainers/runc
  version: ""
  subpackages:
  - libcontainer
  - libcontainer/cgroups/fs
  - libcontainer/configs
  - libcontainer/cgroups
  - libcontainer/system
- name: github.com/pborman/uuid
  version: ""
- name: github.com/prometheus/client_golang
  version: ""
  subpackages:
  - prometheus
- name: github.com/prometheus/client_model
  version: ""
  subpackages:
  - go
- name: github.com/prometheus/common
  version: ""
  subpackages:
  - expfmt
  - model
- name: github.com/prometheus/procfs
  version: ""
- name: github.com/spf13/pflag
  version: ""
- name: github.com/ugorji/go
  version: ""
  subpackages:
  - codec
- name: golang.org/x/net
  version: ""
  subpackages:
  - context
  - html
  - http2
  - internal/timeseries
  - trace
  - websocket
- name: gopkg.in/yaml.v2
  version: ""
- name: k8s.io/kubernetes
  version: ""
  subpackages:
  - pkg/api
  - pkg/client/restclient
  - pkg/client/unversioned
  - pkg/fields
  - pkg/labels
  - pkg/util/sets
  - pkg/api/meta
  - pkg/api/resource
  - pkg/api/unversioned
  - pkg/auth/user
  - pkg/conversion
  - pkg/runtime
  - pkg/runtime/serializer
  - pkg/types
  - pkg/util
  - pkg/util/intstr
  - pkg/util/rand
  - pkg/api/errors
  - pkg/api/install
  - pkg/apimachinery/registered
  - pkg/apis/authorization/install
  - pkg/apis/autoscaling
  - pkg/apis/autoscaling/install
  - pkg/apis/batch
  - pkg/apis/batch/install
  - pkg/apis/componentconfig/install
  - pkg/apis/extensions
  - pkg/apis/extensions/install
  - pkg/apis/metrics/install
  - pkg/client/typed/discovery
  - pkg/util/net
  - pkg/util/wait
  - pkg/version
  - pkg/watch
  - pkg/util/validation
  - pkg/util/errors
  - third_party/forked/reflect
  - pkg/conversion/queryparams
  - pkg/runtime/serializer/json
  - pkg/runtime/serializer/recognizer
  - pkg/runtime/serializer/versioning
  - pkg/util/integer
  - pkg/util/validation/field
  - pkg/api/v1
  - pkg/apimachinery
  - pkg/apis/authorization
  - pkg/apis/authorization/v1beta1
  - pkg/apis/autoscaling/v1
  - pkg/apis/batch/v1
  - pkg/apis/componentconfig
  - pkg/apis/componentconfig/v1alpha1
  - pkg/apis/extensions/v1beta1
  - pkg/apis/metrics
  - pkg/apis/metrics/v1alpha1
  - pkg/api/validation
  - pkg/client/metrics
  - pkg/client/transport
  - pkg/watch/json
  - pkg/util/runtime
  - pkg/util/yaml
  - pkg/util/parsers
  - pkg/kubelet/qos
  - pkg/master/ports
  - pkg/api/endpoints
  - pkg/api/pod
  - pkg/api/service
  - pkg/api/util
  - pkg/capabilities
  - pkg/util/hash
  - pkg/util/net/sets
- name: speter.net/go/exp/math/dec/inf
  version: ""
testImports: []
